version: 1
generated_at: 2026-06-11T15:38:12Z
internal: []
trusted:
  - action: actions/checkout
    refs:
      - 34e114876b0b11c390a56381ad16ebd13914f8d5
    occurrences:
      34e114876b0b11c390a56381ad16ebd13914f8d5:
        .github/workflows/lint.yml:
          - jobs.lint.steps.[0].uses
        .github/workflows/release.yml:
          - jobs.release.steps.[0].uses
        .github/workflows/verify-build.yml:
          - jobs.build.steps.[0].uses
  - action: actions/setup-node
    refs:
      - 49933ea5288caeca8642d1e84afbd3f7d6820020
    occurrences:
      49933ea5288caeca8642d1e84afbd3f7d6820020:
        .github/workflows/lint.yml:
          - jobs.lint.steps.[2].uses
        .github/workflows/release.yml:
          - jobs.release.steps.[2].uses
        .github/workflows/verify-build.yml:
          - jobs.build.steps.[2].uses
external:
  - action: changesets/action
    refs:
      - master
    occurrences:
      master:
        .github/workflows/release.yml:
          - jobs.release.steps.[4].uses
  - action: pnpm/action-setup
    refs:
      - b906affcce14559ad1aafd4ab0e942779e9f58b1
    occurrences:
      b906affcce14559ad1aafd4ab0e942779e9f58b1:
        .github/workflows/lint.yml:
          - jobs.lint.steps.[1].uses
        .github/workflows/release.yml:
          - jobs.release.steps.[1].uses
        .github/workflows/verify-build.yml:
          - jobs.build.steps.[1].uses
local: []
docker: []
dynamic: []
